// !$*UTF8*$!
{
	archiveVersion = 1;
	classes = {
	};
	objectVersion = 55;
	objects = {

/* Begin PBXBuildFile section */
		0FF7D764280DC3F1005AEA90 /* WalletApp.swift in Sources */ = {isa = PBXBuildFile; fileRef = 0FF7D763280DC3F1005AEA90 /* WalletApp.swift */; };
		0FF7D766280DC3F1005AEA90 /* ContentView.swift in Sources */ = {isa = PBXBuildFile; fileRef = 0FF7D765280DC3F1005AEA90 /* ContentView.swift */; };
		0FF7D768280DC3F3005AEA90 /* Assets.xcassets in Resources */ = {isa = PBXBuildFile; fileRef = 0FF7D767280DC3F3005AEA90 /* Assets.xcassets */; };
		0FF7D76B280DC3F3005AEA90 /* Preview Assets.xcassets in Resources */ = {isa = PBXBuildFile; fileRef = 0FF7D76A280DC3F3005AEA90 /* Preview Assets.xcassets */; };
		0FF7D775280DC3F3005AEA90 /* WalletTests.swift in Sources */ = {isa = PBXBuildFile; fileRef = 0FF7D774280DC3F3005AEA90 /* WalletTests.swift */; };
		0FF7D77F280DC3F3005AEA90 /* WalletUITests.swift in Sources */ = {isa = PBXBuildFile; fileRef = 0FF7D77E280DC3F3005AEA90 /* WalletUITests.swift */; };
		0FF7D781280DC3F3005AEA90 /* WalletUITestsLaunchTests.swift in Sources */ = {isa = PBXBuildFile; fileRef = 0FF7D780280DC3F3005AEA90 /* WalletUITestsLaunchTests.swift */; };
		0FF7D791280DC725005AEA90 /* Card.swift in Sources */ = {isa = PBXBuildFile; fileRef = 0FF7D790280DC725005AEA90 /* Card.swift */; };
		0FF7D793280DC783005AEA90 /* Home.swift in Sources */ = {isa = PBXBuildFile; fileRef = 0FF7D792280DC783005AEA90 /* Home.swift */; };
		0FF7D799280E1A48005AEA90 /* DetailView.swift in Sources */ = {isa = PBXBuildFile; fileRef = 0FF7D798280E1A48005AEA90 /* DetailView.swift */; };
		0FF7D79B280E54AD005AEA90 /* Expense.swift in Sources */ = {isa = PBXBuildFile; fileRef = 0FF7D79A280E54AD005AEA90 /* Expense.swift */; };
		0FF7D79D280E555B005AEA90 /* ExpenseCardView.swift in Sources */ = {isa = PBXBuildFile; fileRef = 0FF7D79C280E555B005AEA90 /* ExpenseCardView.swift */; };
/* End PBXBuildFile section */

/* Begin PBXContainerItemProxy section */
		0FF7D771280DC3F3005AEA90 /* PBXContainerItemProxy */ = {
			isa = PBXContainerItemProxy;
			containerPortal = 0FF7D758280DC3F1005AEA90 /* Project object */;
			proxyType = 1;
			remoteGlobalIDString = 0FF7D75F280DC3F1005AEA90;
			remoteInfo = Wallet;
		};
		0FF7D77B280DC3F3005AEA90 /* PBXContainerItemProxy */ = {
			isa = PBXContainerItemProxy;
			containerPortal = 0FF7D758280DC3F1005AEA90 /* Project object */;
			proxyType = 1;
			remoteGlobalIDString = 0FF7D75F280DC3F1005AEA90;
			remoteInfo = Wallet;
		};
/* End PBXContainerItemProxy section */

/* Begin PBXFileReference section */
		0FF7D760280DC3F1005AEA90 /* Wallet.app */ = {isa = PBXFileReference; explicitFileType = wrapper.application; includeInIndex = 0; path = Wallet.app; sourceTree = BUILT_PRODUCTS_DIR; };
		0FF7D763280DC3F1005AEA90 /* WalletApp.swift */ = {isa = PBXFileReference; lastKnownFileType = sourcecode.swift; path = WalletApp.swift; sourceTree = "<group>"; };
		0FF7D765280DC3F1005AEA90 /* ContentView.swift */ = {isa = PBXFileReference; lastKnownFileType = sourcecode.swift; path = ContentView.swift; sourceTree = "<group>"; };
		0FF7D767280DC3F3005AEA90 /* Assets.xcassets */ = {isa = PBXFileReference; lastKnownFileType = folder.assetcatalog; path = Assets.xcassets; sourceTree = "<group>"; };
		0FF7D76A280DC3F3005AEA90 /* Preview Assets.xcassets */ = {isa = PBXFileReference; lastKnownFileType = folder.assetcatalog; path = "Preview Assets.xcassets"; sourceTree = "<group>"; };
		0FF7D770280DC3F3005AEA90 /* WalletTests.xctest */ = {isa = PBXFileReference; explicitFileType = wrapper.cfbundle; includeInIndex = 0; path = WalletTests.xctest; sourceTree = BUILT_PRODUCTS_DIR; };
		0FF7D774280DC3F3005AEA90 /* WalletTests.swift */ = {isa = PBXFileReference; lastKnownFileType = sourcecode.swift; path = WalletTests.swift; sourceTree = "<group>"; };
		0FF7D77A280DC3F3005AEA90 /* WalletUITests.xctest */ = {isa = PBXFileReference; explicitFileType = wrapper.cfbundle; includeInIndex = 0; path = WalletUITests.xctest; sourceTree = BUILT_PRODUCTS_DIR; };
		0FF7D77E280DC3F3005AEA90 /* WalletUITests.swift */ = {isa = PBXFileReference; lastKnownFileType = sourcecode.swift; path = WalletUITests.swift; sourceTree = "<group>"; };
		0FF7D780280DC3F3005AEA90 /* WalletUITestsLaunchTests.swift */ = {isa = PBXFileReference; lastKnownFileType = sourcecode.swift; path = WalletUITestsLaunchTests.swift; sourceTree = "<group>"; };
		0FF7D790280DC725005AEA90 /* Card.swift */ = {isa = PBXFileReference; lastKnownFileType = sourcecode.swift; path = Card.swift; sourceTree = "<group>"; };
		0FF7D792280DC783005AEA90 /* Home.swift */ = {isa = PBXFileReference; lastKnownFileType = sourcecode.swift; path = Home.swift; sourceTree = "<group>"; };
		0FF7D798280E1A48005AEA90 /* DetailView.swift */ = {isa = PBXFileReference; lastKnownFileType = sourcecode.swift; path = DetailView.swift; sourceTree = "<group>"; };
		0FF7D79A280E54AD005AEA90 /* Expense.swift */ = {isa = PBXFileReference; lastKnownFileType = sourcecode.swift; path = Expense.swift; sourceTree = "<group>"; };
		0FF7D79C280E555B005AEA90 /* ExpenseCardView.swift */ = {isa = PBXFileReference; lastKnownFileType = sourcecode.swift; path = ExpenseCardView.swift; sourceTree = "<group>"; };
/* End PBXFileReference section */

/* Begin PBXFrameworksBuildPhase section */
		0FF7D75D280DC3F1005AEA90 /* Frameworks */ = {
			isa = PBXFrameworksBuildPhase;
			buildActionMask = 2147483647;
			files = (
			);
			runOnlyForDeploymentPostprocessing = 0;
		};
		0FF7D76D280DC3F3005AEA90 /* Frameworks */ = {
			isa = PBXFrameworksBuildPhase;
			buildActionMask = 2147483647;
			files = (
			);
			runOnlyForDeploymentPostprocessing = 0;
		};
		0FF7D777280DC3F3005AEA90 /* Frameworks */ = {
			isa = PBXFrameworksBuildPhase;
			buildActionMask = 2147483647;
			files = (
			);
			runOnlyForDeploymentPostprocessing = 0;
		};
/* End PBXFrameworksBuildPhase section */

/* Begin PBXGroup section */
		0FF7D757280DC3F1005AEA90 = {
			isa = PBXGroup;
			children = (
				0FF7D762280DC3F1005AEA90 /* Wallet */,
				0FF7D773280DC3F3005AEA90 /* WalletTests */,
				0FF7D77D280DC3F3005AEA90 /* WalletUITests */,
				0FF7D761280DC3F1005AEA90 /* Products */,
			);
			sourceTree = "<group>";
		};
		0FF7D761280DC3F1005AEA90 /* Products */ = {
			isa = PBXGroup;
			children = (
				0FF7D760280DC3F1005AEA90 /* Wallet.app */,
				0FF7D770280DC3F3005AEA90 /* WalletTests.xctest */,
				0FF7D77A280DC3F3005AEA90 /* WalletUITests.xctest */,
			);
			name = Products;
			sourceTree = "<group>";
		};
		0FF7D762280DC3F1005AEA90 /* Wallet */ = {
			isa = PBXGroup;
			children = (
				0FF7D78D280DC6D5005AEA90 /* Model */,
				0FF7D78E280DC6E1005AEA90 /* View */,
				0FF7D763280DC3F1005AEA90 /* WalletApp.swift */,
				0FF7D765280DC3F1005AEA90 /* ContentView.swift */,
				0FF7D767280DC3F3005AEA90 /* Assets.xcassets */,
				0FF7D769280DC3F3005AEA90 /* Preview Content */,
			);
			path = Wallet;
			sourceTree = "<group>";
		};
		0FF7D769280DC3F3005AEA90 /* Preview Content */ = {
			isa = PBXGroup;
			children = (
				0FF7D76A280DC3F3005AEA90 /* Preview Assets.xcassets */,
			);
			path = "Preview Content";
			sourceTree = "<group>";
		};
		0FF7D773280DC3F3005AEA90 /* WalletTests */ = {
			isa = PBXGroup;
			children = (
				0FF7D774280DC3F3005AEA90 /* WalletTests.swift */,
			);
			path = WalletTests;
			sourceTree = "<group>";
		};
		0FF7D77D280DC3F3005AEA90 /* WalletUITests */ = {
			isa = PBXGroup;
			children = (
				0FF7D77E280DC3F3005AEA90 /* WalletUITests.swift */,
				0FF7D780280DC3F3005AEA90 /* WalletUITestsLaunchTests.swift */,
			);
			path = WalletUITests;
			sourceTree = "<group>";
		};
		0FF7D78D280DC6D5005AEA90 /* Model */ = {
			isa = PBXGroup;
			children = (
				0FF7D790280DC725005AEA90 /* Card.swift */,
				0FF7D79A280E54AD005AEA90 /* Expense.swift */,
			);
			path = Model;
			sourceTree = "<group>";
		};
		0FF7D78E280DC6E1005AEA90 /* View */ = {
			isa = PBXGroup;
			children = (
				0FF7D792280DC783005AEA90 /* Home.swift */,
				0FF7D798280E1A48005AEA90 /* DetailView.swift */,
				0FF7D79C280E555B005AEA90 /* ExpenseCardView.swift */,
			);
			path = View;
			sourceTree = "<group>";
		};
/* End PBXGroup section */

/* Begin PBXNativeTarget section */
		0FF7D75F280DC3F1005AEA90 /* Wallet */ = {
			isa = PBXNativeTarget;
			buildConfigurationList = 0FF7D784280DC3F3005AEA90 /* Build configuration list for PBXNativeTarget "Wallet" */;
			buildPhases = (
				0FF7D75C280DC3F1005AEA90 /* Sources */,
				0FF7D75D280DC3F1005AEA90 /* Frameworks */,
				0FF7D75E280DC3F1005AEA90 /* Resources */,
			);
			buildRules = (
			);
			dependencies = (
			);
			name = Wallet;
			productName = Wallet;
			productReference = 0FF7D760280DC3F1005AEA90 /* Wallet.app */;
			productType = "com.apple.product-type.application";
		};
		0FF7D76F280DC3F3005AEA90 /* WalletTests */ = {
			isa = PBXNativeTarget;
			buildConfigurationList = 0FF7D787280DC3F3005AEA90 /* Build configuration list for PBXNativeTarget "WalletTests" */;
			buildPhases = (
				0FF7D76C280DC3F3005AEA90 /* Sources */,
				0FF7D76D280DC3F3005AEA90 /* Frameworks */,
				0FF7D76E280DC3F3005AEA90 /* Resources */,
			);
			buildRules = (
			);
			dependencies = (
				0FF7D772280DC3F3005AEA90 /* PBXTargetDependency */,
			);
			name = WalletTests;
			productName = WalletTests;
			productReference = 0FF7D770280DC3F3005AEA90 /* WalletTests.xctest */;
			productType = "com.apple.product-type.bundle.unit-test";
		};
		0FF7D779280DC3F3005AEA90 /* WalletUITests */ = {
			isa = PBXNativeTarget;
			buildConfigurationList = 0FF7D78A280DC3F3005AEA90 /* Build configuration list for PBXNativeTarget "WalletUITests" */;
			buildPhases = (
				0FF7D776280DC3F3005AEA90 /* Sources */,
				0FF7D777280DC3F3005AEA90 /* Frameworks */,
				0FF7D778280DC3F3005AEA90 /* Resources */,
			);
			buildRules = (
			);
			dependencies = (
				0FF7D77C280DC3F3005AEA90 /* PBXTargetDependency */,
			);
			name = WalletUITests;
			productName = WalletUITests;
			productReference = 0FF7D77A280DC3F3005AEA90 /* WalletUITests.xctest */;
			productType = "com.apple.product-type.bundle.ui-testing";
		};
/* End PBXNativeTarget section */

/* Begin PBXProject section */
		0FF7D758280DC3F1005AEA90 /* Project object */ = {
			isa = PBXProject;
			attributes = {
				BuildIndependentTargetsInParallel = 1;
				LastSwiftUpdateCheck = 1330;
				LastUpgradeCheck = 1330;
				TargetAttributes = {
					0FF7D75F280DC3F1005AEA90 = {
						CreatedOnToolsVersion = 13.3.1;
					};
					0FF7D76F280DC3F3005AEA90 = {
						CreatedOnToolsVersion = 13.3.1;
						TestTargetID = 0FF7D75F280DC3F1005AEA90;
					};
					0FF7D779280DC3F3005AEA90 = {
						CreatedOnToolsVersion = 13.3.1;
						TestTargetID = 0FF7D75F280DC3F1005AEA90;
					};
				};
			};
			buildConfigurationList = 0FF7D75B280DC3F1005AEA90 /* Build configuration list for PBXProject "Wallet" */;
			compatibilityVersion = "Xcode 13.0";
			developmentRegion = en;
			hasScannedForEncodings = 0;
			knownRegions = (
				en,
				Base,
			);
			mainGroup = 0FF7D757280DC3F1005AEA90;
			productRefGroup = 0FF7D761280DC3F1005AEA90 /* Products */;
			projectDirPath = "";
			projectRoot = "";
			targets = (
				0FF7D75F280DC3F1005AEA90 /* Wallet */,
				0FF7D76F280DC3F3005AEA90 /* WalletTests */,
				0FF7D779280DC3F3005AEA90 /* WalletUITests */,
			);
		};
/* End PBXProject section */

/* Begin PBXResourcesBuildPhase section */
		0FF7D75E280DC3F1005AEA90 /* Resources */ = {
			isa = PBXResourcesBuildPhase;
			buildActionMask = 2147483647;
			files = (
				0FF7D76B280DC3F3005AEA90 /* Preview Assets.xcassets in Resources */,
				0FF7D768280DC3F3005AEA90 /* Assets.xcassets in Resources */,
			);
			runOnlyForDeploymentPostprocessing = 0;
		};
		0FF7D76E280DC3F3005AEA90 /* Resources */ = {
			isa = PBXResourcesBuildPhase;
			buildActionMask = 2147483647;
			files = (
			);
			runOnlyForDeploymentPostprocessing = 0;
		};
		0FF7D778280DC3F3005AEA90 /* Resources */ = {
			isa = PBXResourcesBuildPhase;
			buildActionMask = 2147483647;
			files = (
			);
			runOnlyForDeploymentPostprocessing = 0;
		};
/* End PBXResourcesBuildPhase section */

/* Begin PBXSourcesBuildPhase section */
		0FF7D75C280DC3F1005AEA90 /* Sources */ = {
			isa = PBXSourcesBuildPhase;
			buildActionMask = 2147483647;
			files = (
				0FF7D79B280E54AD005AEA90 /* Expense.swift in Sources */,
				0FF7D79D280E555B005AEA90 /* ExpenseCardView.swift in Sources */,
				0FF7D766280DC3F1005AEA90 /* ContentView.swift in Sources */,
				0FF7D791280DC725005AEA90 /* Card.swift in Sources */,
				0FF7D793280DC783005AEA90 /* Home.swift in Sources */,
				0FF7D799280E1A48005AEA90 /* DetailView.swift in Sources */,
				0FF7D764280DC3F1005AEA90 /* WalletApp.swift in Sources */,
			);
			runOnlyForDeploymentPostprocessing = 0;
		};
		0FF7D76C280DC3F3005AEA90 /* Sources */ = {
			isa = PBXSourcesBuildPhase;
			buildActionMask = 2147483647;
			files = (
				0FF7D775280DC3F3005AEA90 /* WalletTests.swift in Sources */,
			);
			runOnlyForDeploymentPostprocessing = 0;
		};
		0FF7D776280DC3F3005AEA90 /* Sources */ = {
			isa = PBXSourcesBuildPhase;
			buildActionMask = 2147483647;
			files = (
				0FF7D77F280DC3F3005AEA90 /* WalletUITests.swift in Sources */,
				0FF7D781280DC3F3005AEA90 /* WalletUITestsLaunchTests.swift in Sources */,
			);
			runOnlyForDeploymentPostprocessing = 0;
		};
/* End PBXSourcesBuildPhase section */

/* Begin PBXTargetDependency section */
		0FF7D772280DC3F3005AEA90 /* PBXTargetDependency */ = {
			isa = PBXTargetDependency;
			target = 0FF7D75F280DC3F1005AEA90 /* Wallet */;
			targetProxy = 0FF7D771280DC3F3005AEA90 /* PBXContainerItemProxy */;
		};
		0FF7D77C280DC3F3005AEA90 /* PBXTargetDependency */ = {
			isa = PBXTargetDependency;
			target = 0FF7D75F280DC3F1005AEA90 /* Wallet */;
			targetProxy = 0FF7D77B280DC3F3005AEA90 /* PBXContainerItemProxy */;
		};
/* End PBXTargetDependency section */

/* Begin XCBuildConfiguration section */
		0FF7D782280DC3F3005AEA90 /* Debug */ = {
			isa = XCBuildConfiguration;
			buildSettings = {
				ALWAYS_SEARCH_USER_PATHS = NO;
				CLANG_ANALYZER_NONNULL = YES;
				CLANG_ANALYZER_NUMBER_OBJECT_CONVERSION = YES_AGGRESSIVE;
				CLANG_CXX_LANGUAGE_STANDARD = "gnu++17";
				CLANG_ENABLE_MODULES = YES;
				CLANG_ENABLE_OBJC_ARC = YES;
				CLANG_ENABLE_OBJC_WEAK = YES;
				CLANG_WARN_BLOCK_CAPTURE_AUTORELEASING = YES;
				CLANG_WARN_BOOL_CONVERSION = YES;
				CLANG_WARN_COMMA = YES;
				CLANG_WARN_CONSTANT_CONVERSION = YES;
				CLANG_WARN_DEPRECATED_OBJC_IMPLEMENTATIONS = YES;
				CLANG_WARN_DIRECT_OBJC_ISA_USAGE = YES_ERROR;
				CLANG_WARN_DOCUMENTATION_COMMENTS = YES;
				CLANG_WARN_EMPTY_BODY = YES;
				CLANG_WARN_ENUM_CONVERSION = YES;
				CLANG_WARN_INFINITE_RECURSION = YES;
				CLANG_WARN_INT_CONVERSION = YES;
				CLANG_WARN_NON_LITERAL_NULL_CONVERSION = YES;
				CLANG_WARN_OBJC_IMPLICIT_RETAIN_SELF = YES;
				CLANG_WARN_OBJC_LITERAL_CONVERSION = YES;
				CLANG_WARN_OBJC_ROOT_CLASS = YES_ERROR;
				CLANG_WARN_QUOTED_INCLUDE_IN_FRAMEWORK_HEADER = YES;
				CLANG_WARN_RANGE_LOOP_ANALYSIS = YES;
				CLANG_WARN_STRICT_PROTOTYPES = YES;
				CLANG_WARN_SUSPICIOUS_MOVE = YES;
				CLANG_WARN_UNGUARDED_AVAILABILITY = YES_AGGRESSIVE;
				CLANG_WARN_UNREACHABLE_CODE = YES;
				CLANG_WARN__DUPLICATE_METHOD_MATCH = YES;
				COPY_PHASE_STRIP = NO;
				DEBUG_INFORMATION_FORMAT = dwarf;
				ENABLE_STRICT_OBJC_MSGSEND = YES;
				ENABLE_TESTABILITY = YES;
				GCC_C_LANGUAGE_STANDARD = gnu11;
				GCC_DYNAMIC_NO_PIC = NO;
				GCC_NO_COMMON_BLOCKS = YES;
				GCC_OPTIMIZATION_LEVEL = 0;
				GCC_PREPROCESSOR_DEFINITIONS = (
					"DEBUG=1",
					"$(inherited)",
				);
				GCC_WARN_64_TO_32_BIT_CONVERSION = YES;
				GCC_WARN_ABOUT_RETURN_TYPE = YES_ERROR;
				GCC_WARN_UNDECLARED_SELECTOR = YES;
				GCC_WARN_UNINITIALIZED_AUTOS = YES_AGGRESSIVE;
				GCC_WARN_UNUSED_FUNCTION = YES;
				GCC_WARN_UNUSED_VARIABLE = YES;
				IPHONEOS_DEPLOYMENT_TARGET = 15.4;
				MTL_ENABLE_DEBUG_INFO = INCLUDE_SOURCE;
				MTL_FAST_MATH = YES;
				ONLY_ACTIVE_ARCH = YES;
				SDKROOT = iphoneos;
				SWIFT_ACTIVE_COMPILATION_CONDITIONS = DEBUG;
				SWIFT_OPTIMIZATION_LEVEL = "-Onone";
			};
			name = Debug;
		};
		0FF7D783280DC3F3005AEA90 /* Release */ = {
			isa = XCBuildConfiguration;
			buildSettings = {
				ALWAYS_SEARCH_USER_PATHS = NO;
				CLANG_ANALYZER_NONNULL = YES;
				CLANG_ANALYZER_NUMBER_OBJECT_CONVERSION = YES_AGGRESSIVE;
				CLANG_CXX_LANGUAGE_STANDARD = "gnu++17";
				CLANG_ENABLE_MODULES = YES;
				CLANG_ENABLE_OBJC_ARC = YES;
				CLANG_ENABLE_OBJC_WEAK = YES;
				CLANG_WARN_BLOCK_CAPTURE_AUTORELEASING = YES;
				CLANG_WARN_BOOL_CONVERSION = YES;
				CLANG_WARN_COMMA = YES;
				CLANG_WARN_CONSTANT_CONVERSION = YES;
				CLANG_WARN_DEPRECATED_OBJC_IMPLEMENTATIONS = YES;
				CLANG_WARN_DIRECT_OBJC_ISA_USAGE = YES_ERROR;
				CLANG_WARN_DOCUMENTATION_COMMENTS = YES;
				CLANG_WARN_EMPTY_BODY = YES;
				CLANG_WARN_ENUM_CONVERSION = YES;
				CLANG_WARN_INFINITE_RECURSION = YES;
				CLANG_WARN_INT_CONVERSION = YES;
				CLANG_WARN_NON_LITERAL_NULL_CONVERSION = YES;
				CLANG_WARN_OBJC_IMPLICIT_RETAIN_SELF = YES;
				CLANG_WARN_OBJC_LITERAL_CONVERSION = YES;
				CLANG_WARN_OBJC_ROOT_CLASS = YES_ERROR;
				CLANG_WARN_QUOTED_INCLUDE_IN_FRAMEWORK_HEADER = YES;
				CLANG_WARN_RANGE_LOOP_ANALYSIS = YES;
				CLANG_WARN_STRICT_PROTOTYPES = YES;
				CLANG_WARN_SUSPICIOUS_MOVE = YES;
				CLANG_WARN_UNGUARDED_AVAILABILITY = YES_AGGRESSIVE;
				CLANG_WARN_UNREACHABLE_CODE = YES;
				CLANG_WARN__DUPLICATE_METHOD_MATCH = YES;
				COPY_PHASE_STRIP = NO;
				DEBUG_INFORMATION_FORMAT = "dwarf-with-dsym";
				ENABLE_NS_ASSERTIONS = NO;
				ENABLE_STRICT_OBJC_MSGSEND = YES;
				GCC_C_LANGUAGE_STANDARD = gnu11;
				GCC_NO_COMMON_BLOCKS = YES;
				GCC_WARN_64_TO_32_BIT_CONVERSION = YES;
				GCC_WARN_ABOUT_RETURN_TYPE = YES_ERROR;
				GCC_WARN_UNDECLARED_SELECTOR = YES;
				GCC_WARN_UNINITIALIZED_AUTOS = YES_AGGRESSIVE;
				GCC_WARN_UNUSED_FUNCTION = YES;
				GCC_WARN_UNUSED_VARIABLE = YES;
				IPHONEOS_DEPLOYMENT_TARGET = 15.4;
				MTL_ENABLE_DEBUG_INFO = NO;
				MTL_FAST_MATH = YES;
				SDKROOT = iphoneos;
				SWIFT_COMPILATION_MODE = wholemodule;
				SWIFT_OPTIMIZATION_LEVEL = "-O";
				VALIDATE_PRODUCT = YES;
			};
			name = Release;
		};
		0FF7D785280DC3F3005AEA90 /* Debug */ = {
			isa = XCBuildConfiguration;
			buildSettings = {
				ASSETCATALOG_COMPILER_APPICON_NAME = AppIcon;
				ASSETCATALOG_COMPILER_GLOBAL_ACCENT_COLOR_NAME = AccentColor;
				CODE_SIGN_STYLE = Automatic;
				CURRENT_PROJECT_VERSION = 1;
				DEVELOPMENT_ASSET_PATHS = "\"Wallet/Preview Content\"";
				DEVELOPMENT_TEAM = UJX6DR8845;
				ENABLE_PREVIEWS = YES;
				GENERATE_INFOPLIST_FILE = YES;
				INFOPLIST_KEY_UIApplicationSceneManifest_Generation = YES;
				INFOPLIST_KEY_UIApplicationSupportsIndirectInputEvents = YES;
				INFOPLIST_KEY_UILaunchScreen_Generation = YES;
				INFOPLIST_KEY_UISupportedInterfaceOrientations = UIInterfaceOrientationPortrait;
				INFOPLIST_KEY_UISupportedInterfaceOrientations_iPad = "UIInterfaceOrientationPortrait UIInterfaceOrientationPortraitUpsideDown UIInterfaceOrientationLandscapeLeft UIInterfaceOrientationLandscapeRight";
				INFOPLIST_KEY_UISupportedInterfaceOrientations_iPhone = "UIInterfaceOrientationPortrait UIInterfaceOrientationLandscapeLeft UIInterfaceOrientationLandscapeRight";
				IPHONEOS_DEPLOYMENT_TARGET = 15.0;
				LD_RUNPATH_SEARCH_PATHS = (
					"$(inherited)",
					"@executable_path/Frameworks",
				);
				MARKETING_VERSION = 1.0;
				PRODUCT_BUNDLE_IDENTIFIER = com.maximorales.Wallet;
				PRODUCT_NAME = "$(TARGET_NAME)";
				SWIFT_EMIT_LOC_STRINGS = YES;
				SWIFT_VERSION = 5.0;
				TARGETED_DEVICE_FAMILY = "1,2";
			};
			name = Debug;
		};
		0FF7D786280DC3F3005AEA90 /* Release */ = {
			isa = XCBuildConfiguration;
			buildSettings = {
				ASSETCATALOG_COMPILER_APPICON_NAME = AppIcon;
				ASSETCATALOG_COMPILER_GLOBAL_ACCENT_COLOR_NAME = AccentColor;
				CODE_SIGN_STYLE = Automatic;
				CURRENT_PROJECT_VERSION = 1;
				DEVELOPMENT_ASSET_PATHS = "\"Wallet/Preview Content\"";
				DEVELOPMENT_TEAM = UJX6DR8845;
				ENABLE_PREVIEWS = YES;
				GENERATE_INFOPLIST_FILE = YES;
				INFOPLIST_KEY_UIApplicationSceneManifest_Generation = YES;
				INFOPLIST_KEY_UIApplicationSupportsIndirectInputEvents = YES;
				INFOPLIST_KEY_UILaunchScreen_Generation = YES;
				INFOPLIST_KEY_UISupportedInterfaceOrientations = UIInterfaceOrientationPortrait;
				INFOPLIST_KEY_UISupportedInterfaceOrientations_iPad = "UIInterfaceOrientationPortrait UIInterfaceOrientationPortraitUpsideDown UIInterfaceOrientationLandscapeLeft UIInterfaceOrientationLandscapeRight";
				INFOPLIST_KEY_UISupportedInterfaceOrientations_iPhone = "UIInterfaceOrientationPortrait UIInterfaceOrientationLandscapeLeft UIInterfaceOrientationLandscapeRight";
				IPHONEOS_DEPLOYMENT_TARGET = 15.0;
				LD_RUNPATH_SEARCH_PATHS = (
					"$(inherited)",
					"@executable_path/Frameworks",
				);
				MARKETING_VERSION = 1.0;
				PRODUCT_BUNDLE_IDENTIFIER = com.maximorales.Wallet;
				PRODUCT_NAME = "$(TARGET_NAME)";
				SWIFT_EMIT_LOC_STRINGS = YES;
				SWIFT_VERSION = 5.0;
				TARGETED_DEVICE_FAMILY = "1,2";
			};
			name = Release;
		};
		0FF7D788280DC3F3005AEA90 /* Debug */ = {
			isa = XCBuildConfiguration;
			buildSettings = {
				ALWAYS_EMBED_SWIFT_STANDARD_LIBRARIES = YES;
				BUNDLE_LOADER = "$(TEST_HOST)";
				CODE_SIGN_STYLE = Automatic;
				CURRENT_PROJECT_VERSION = 1;
				DEVELOPMENT_TEAM = UJX6DR8845;
				GENERATE_INFOPLIST_FILE = YES;
				IPHONEOS_DEPLOYMENT_TARGET = 15.4;
				MARKETING_VERSION = 1.0;
				PRODUCT_BUNDLE_IDENTIFIER = com.maximorales.WalletTests;
				PRODUCT_NAME = "$(TARGET_NAME)";
				SWIFT_EMIT_LOC_STRINGS = NO;
				SWIFT_VERSION = 5.0;
				TARGETED_DEVICE_FAMILY = "1,2";
				TEST_HOST = "$(BUILT_PRODUCTS_DIR)/Wallet.app/Wallet";
			};
			name = Debug;
		};
		0FF7D789280DC3F3005AEA90 /* Release */ = {
			isa = XCBuildConfiguration;
			buildSettings = {
				ALWAYS_EMBED_SWIFT_STANDARD_LIBRARIES = YES;
				BUNDLE_LOADER = "$(TEST_HOST)";
				CODE_SIGN_STYLE = Automatic;
				CURRENT_PROJECT_VERSION = 1;
				DEVELOPMENT_TEAM = UJX6DR8845;
				GENERATE_INFOPLIST_FILE = YES;
				IPHONEOS_DEPLOYMENT_TARGET = 15.4;
				MARKETING_VERSION = 1.0;
				PRODUCT_BUNDLE_IDENTIFIER = com.maximorales.WalletTests;
				PRODUCT_NAME = "$(TARGET_NAME)";
				SWIFT_EMIT_LOC_STRINGS = NO;
				SWIFT_VERSION = 5.0;
				TARGETED_DEVICE_FAMILY = "1,2";
				TEST_HOST = "$(BUILT_PRODUCTS_DIR)/Wallet.app/Wallet";
			};
			name = Release;
		};
		0FF7D78B280DC3F3005AEA90 /* Debug */ = {
			isa = XCBuildConfiguration;
			buildSettings = {
				ALWAYS_EMBED_SWIFT_STANDARD_LIBRARIES = YES;
				CODE_SIGN_STYLE = Automatic;
				CURRENT_PROJECT_VERSION = 1;
				DEVELOPMENT_TEAM = UJX6DR8845;
				GENERATE_INFOPLIST_FILE = YES;
				MARKETING_VERSION = 1.0;
				PRODUCT_BUNDLE_IDENTIFIER = com.maximorales.WalletUITests;
				PRODUCT_NAME = "$(TARGET_NAME)";
				SWIFT_EMIT_LOC_STRINGS = NO;
				SWIFT_VERSION = 5.0;
				TARGETED_DEVICE_FAMILY = "1,2";
				TEST_TARGET_NAME = Wallet;
			};
			name = Debug;
		};
		0FF7D78C280DC3F3005AEA90 /* Release */ = {
			isa = XCBuildConfiguration;
			buildSettings = {
				ALWAYS_EMBED_SWIFT_STANDARD_LIBRARIES = YES;
				CODE_SIGN_STYLE = Automatic;
				CURRENT_PROJECT_VERSION = 1;
				DEVELOPMENT_TEAM = UJX6DR8845;
				GENERATE_INFOPLIST_FILE = YES;
				MARKETING_VERSION = 1.0;
				PRODUCT_BUNDLE_IDENTIFIER = com.maximorales.WalletUITests;
				PRODUCT_NAME = "$(TARGET_NAME)";
				SWIFT_EMIT_LOC_STRINGS = NO;
				SWIFT_VERSION = 5.0;
				TARGETED_DEVICE_FAMILY = "1,2";
				TEST_TARGET_NAME = Wallet;
			};
			name = Release;
		};
/* End XCBuildConfiguration section */

/* Begin XCConfigurationList section */
		0FF7D75B280DC3F1005AEA90 /* Build configuration list for PBXProject "Wallet" */ = {
			isa = XCConfigurationList;
			buildConfigurations = (
				0FF7D782280DC3F3005AEA90 /* Debug */,
				0FF7D783280DC3F3005AEA90 /* Release */,
			);
			defaultConfigurationIsVisible = 0;
			defaultConfigurationName = Release;
		};
		0FF7D784280DC3F3005AEA90 /* Build configuration list for PBXNativeTarget "Wallet" */ = {
			isa = XCConfigurationList;
			buildConfigurations = (
				0FF7D785280DC3F3005AEA90 /* Debug */,
				0FF7D786280DC3F3005AEA90 /* Release */,
			);
			defaultConfigurationIsVisible = 0;
			defaultConfigurationName = Release;
		};
		0FF7D787280DC3F3005AEA90 /* Build configuration list for PBXNativeTarget "WalletTests" */ = {
			isa = XCConfigurationList;
			buildConfigurations = (
				0FF7D788280DC3F3005AEA90 /* Debug */,
				0FF7D789280DC3F3005AEA90 /* Release */,
			);
			defaultConfigurationIsVisible = 0;
			defaultConfigurationName = Release;
		};
		0FF7D78A280DC3F3005AEA90 /* Build configuration list for PBXNativeTarget "WalletUITests" */ = {
			isa = XCConfigurationList;
			buildConfigurations = (
				0FF7D78B280DC3F3005AEA90 /* Debug */,
				0FF7D78C280DC3F3005AEA90 /* Release */,
			);
			defaultConfigurationIsVisible = 0;
			defaultConfigurationName = Release;
		};
/* End XCConfigurationList section */
	};
	rootObject = 0FF7D758280DC3F1005AEA90 /* Project object */;
}
